
Microsoft Visual Studio Solution File, Format Version 12.00
# Visual Studio Version 16
VisualStudioVersion = 16.0.31410.357
MinimumVisualStudioVersion = 10.0.40219.1
Project("{FAE04EC0-301F-11D3-BF4B-00C04F79EFBC}") = "Ttourism", "Ttourism\Ttourism.csproj", "{2C18B535-CCDA-4532-905F-E00BAB913F18}"
EndProject
Global
	GlobalSection(SolutionConfigurationPlatforms) = preSolution
		Debug|Any CPU = Debug|Any CPU
		Release|Any CPU = Release|Any CPU
	EndGlobalSection
	GlobalSection(ProjectConfigurationPlatforms) = postSolution
		{2C18B535-CCDA-4532-905F-E00BAB913F18}.Debug|Any CPU.ActiveCfg = Debug|Any CPU
		{2C18B535-CCDA-4532-905F-E00BAB913F18}.Debug|Any CPU.Build.0 = Debug|Any CPU
		{2C18B535-CCDA-4532-905F-E00BAB913F18}.Release|Any CPU.ActiveCfg = Release|Any CPU
		{2C18B535-CCDA-4532-905F-E00BAB913F18}.Release|Any CPU.Build.0 = Release|Any CPU
	EndGlobalSection
	GlobalSection(SolutionProperties) = preSolution
		HideSolutionNode = FALSE
	EndGlobalSection
	GlobalSection(ExtensibilityGlobals) = postSolution
		SolutionGuid = {61E84F66-D4C4-4420-9D4B-C29B65373A0B}
	EndGlobalSection
EndGlobal
